<?xml version="1.0" encoding="utf-8"?>
<Project ToolsVersion="4.0" xmlns="http://schemas.microsoft.com/developer/msbuild/2003">
  <ItemGroup>
    <ClCompile Include="..\..\Main.cpp" />
    <ClCompile Include="..\..\controllers\interfaces\Controller.cpp">
      <Filter>controllers</Filter>
    </ClCompile>
    <ClCompile Include="..\..\controllers\local\LocalBoardController.cpp">
      <Filter>controllers\local</Filter>
    </ClCompile>
    <ClCompile Include="..\..\controllers\local\LocalOutGameController.cpp">
      <Filter>controllers\local</Filter>
    </ClCompile>
    <ClCompile Include="..\..\controllers\local\LocalRoundController.cpp">
      <Filter>controllers\local</Filter>
    </ClCompile>
    <ClCompile Include="..\..\controllers\local\LocalStartController.cpp">
      <Filter>controllers\local</Filter>
    </ClCompile>
    <ClCompile Include="..\..\controllers\local\logic\Logic.cpp">
      <Filter>controllers\local\logic</Filter>
    </ClCompile>
    <ClCompile Include="..\..\utils\CloseInterval.cpp">
      <Filter>utils</Filter>
    </ClCompile>
    <ClCompile Include="..\..\models\MasterMind.cpp">
      <Filter>models</Filter>
    </ClCompile>
    <ClCompile Include="..\..\models\colors\Color.cpp">
      <Filter>models\colors</Filter>
    </ClCompile>
    <ClCompile Include="..\..\models\colors\ResultColor.cpp">
      <Filter>models\colors</Filter>
    </ClCompile>
    <ClCompile Include="..\..\models\combinations\Result.cpp">
      <Filter>models\combinations</Filter>
    </ClCompile>
    <ClCompile Include="..\..\models\combinations\Combination.cpp">
      <Filter>models\combinations</Filter>
    </ClCompile>
    <ClCompile Include="..\..\models\colors\CombinationColor.cpp">
      <Filter>models\colors</Filter>
    </ClCompile>
    <ClCompile Include="..\..\views\BoardView.cpp">
      <Filter>views</Filter>
    </ClCompile>
    <ClCompile Include="..\..\views\ColorView.cpp">
      <Filter>views</Filter>
    </ClCompile>
    <ClCompile Include="..\..\views\menu\commands\ExitCommand.cpp">
      <Filter>views\menu\commands</Filter>
    </ClCompile>
    <ClCompile Include="..\..\views\InGameView.cpp">
      <Filter>views</Filter>
    </ClCompile>
    <ClCompile Include="..\..\views\MasterMindView.cpp">
      <Filter>views</Filter>
    </ClCompile>
    <ClCompile Include="..\..\views\MenuView.cpp">
      <Filter>views</Filter>
    </ClCompile>
    <ClCompile Include="..\..\views\OutGameView.cpp">
      <Filter>views</Filter>
    </ClCompile>
    <ClCompile Include="..\..\views\RoundView.cpp">
      <Filter>views</Filter>
    </ClCompile>
    <ClCompile Include="..\..\views\StartView.cpp">
      <Filter>views</Filter>
    </ClCompile>
    <ClCompile Include="..\..\views\menu\commands\StartGameCommand.cpp">
      <Filter>views\menu\commands</Filter>
    </ClCompile>
    <ClCompile Include="..\..\models\combinations\SecretCombination.cpp">
      <Filter>models\combinations</Filter>
    </ClCompile>
    <ClCompile Include="..\..\views\menu\OutGameMenu.cpp">
      <Filter>views\menu</Filter>
    </ClCompile>
    <ClCompile Include="..\..\views\menu\Menu.cpp">
      <Filter>views\menu</Filter>
    </ClCompile>
    <ClCompile Include="..\..\models\Round.cpp">
      <Filter>models</Filter>
    </ClCompile>
    <ClCompile Include="..\..\views\menu\commands\OutGameCommand.cpp">
      <Filter>views\menu\commands</Filter>
    </ClCompile>
    <ClCompile Include="..\..\controllers\local\LocalLoadGameController.cpp">
      <Filter>controllers\local</Filter>
    </ClCompile>
    <ClCompile Include="..\..\controllers\local\LocalExitController.cpp">
      <Filter>controllers\local</Filter>
    </ClCompile>
    <ClCompile Include="..\..\controllers\local\LocalInGameController.cpp">
      <Filter>controllers\local</Filter>
    </ClCompile>
    <ClCompile Include="..\..\views\menu\InGameMenu.cpp">
      <Filter>views\menu</Filter>
    </ClCompile>
    <ClCompile Include="..\..\views\menu\commands\AddRoundCommand.cpp">
      <Filter>views\menu\commands</Filter>
    </ClCompile>
    <ClCompile Include="..\..\views\menu\commands\InGameCommand.cpp">
      <Filter>views\menu\commands</Filter>
    </ClCompile>
    <ClCompile Include="..\..\utils\Config.cpp">
      <Filter>utils</Filter>
    </ClCompile>
    <ClCompile Include="..\..\utils\FileIO.cpp">
      <Filter>utils</Filter>
    </ClCompile>
    <ClCompile Include="..\..\controllers\local\LocalSaveGameController.cpp">
      <Filter>controllers\local</Filter>
    </ClCompile>
    <ClCompile Include="..\..\views\menu\commands\SaveGameCommand.cpp">
      <Filter>views\menu\commands</Filter>
    </ClCompile>
    <ClCompile Include="..\..\views\SaveGameView.cpp">
      <Filter>views</Filter>
    </ClCompile>
    <ClCompile Include="..\..\views\menu\commands\LoadGameCommand.cpp">
      <Filter>views\menu\commands</Filter>
    </ClCompile>
  </ItemGroup>
  <ItemGroup>
    <ClInclude Include="..\..\controllers\interfaces\BoardController.h">
      <Filter>controllers\interfaces</Filter>
    </ClInclude>
    <ClInclude Include="..\..\controllers\interfaces\ClearGameController.h">
      <Filter>controllers\interfaces</Filter>
    </ClInclude>
    <ClInclude Include="..\..\controllers\interfaces\Controller.h">
      <Filter>controllers\interfaces</Filter>
    </ClInclude>
    <ClInclude Include="..\..\controllers\interfaces\IOperationControllerVisitor.h">
      <Filter>controllers\interfaces</Filter>
    </ClInclude>
    <ClInclude Include="..\..\controllers\interfaces\IOperationController.h">
      <Filter>controllers\interfaces</Filter>
    </ClInclude>
    <ClInclude Include="..\..\controllers\interfaces\OutGameController.h">
      <Filter>controllers\interfaces</Filter>
    </ClInclude>
    <ClInclude Include="..\..\controllers\interfaces\RoundController.h">
      <Filter>controllers\interfaces</Filter>
    </ClInclude>
    <ClInclude Include="..\..\controllers\local\LocalBoardController.h">
      <Filter>controllers\local</Filter>
    </ClInclude>
    <ClInclude Include="..\..\controllers\local\LocalOperationController.h">
      <Filter>controllers\local</Filter>
    </ClInclude>
    <ClInclude Include="..\..\controllers\local\LocalOutGameController.h">
      <Filter>controllers\local</Filter>
    </ClInclude>
    <ClInclude Include="..\..\controllers\local\LocalRoundController.h">
      <Filter>controllers\local</Filter>
    </ClInclude>
    <ClInclude Include="..\..\controllers\local\LocalStartController.h">
      <Filter>controllers\local</Filter>
    </ClInclude>
    <ClInclude Include="..\..\controllers\local\logic\Logic.h">
      <Filter>controllers\local\logic</Filter>
    </ClInclude>
    <ClInclude Include="..\..\utils\CloseInterval.h">
      <Filter>utils</Filter>
    </ClInclude>
    <ClInclude Include="..\..\models\MasterMind.h">
      <Filter>models</Filter>
    </ClInclude>
    <ClInclude Include="..\..\models\colors\Color.h">
      <Filter>models\colors</Filter>
    </ClInclude>
    <ClInclude Include="..\..\models\colors\ResultColor.h">
      <Filter>models\colors</Filter>
    </ClInclude>
    <ClInclude Include="..\..\models\combinations\Result.h">
      <Filter>models\combinations</Filter>
    </ClInclude>
    <ClInclude Include="..\..\models\colors\CombinationColor.h">
      <Filter>models\combinations</Filter>
    </ClInclude>
    <ClInclude Include="..\..\models\combinations\Combination.h">
      <Filter>models\combinations</Filter>
    </ClInclude>
    <ClInclude Include="..\..\views\BoardView.h">
      <Filter>views</Filter>
    </ClInclude>
    <ClInclude Include="..\..\views\ColorView.h">
      <Filter>views</Filter>
    </ClInclude>
    <ClInclude Include="..\..\views\menu\commands\Command.h">
      <Filter>views\menu\commands</Filter>
    </ClInclude>
    <ClInclude Include="..\..\views\menu\commands\ExitCommand.h">
      <Filter>views\menu\commands</Filter>
    </ClInclude>
    <ClInclude Include="..\..\views\menu\FactoryMenu.h">
      <Filter>views\menu</Filter>
    </ClInclude>
    <ClInclude Include="..\..\views\InGameView.h">
      <Filter>views</Filter>
    </ClInclude>
    <ClInclude Include="..\..\views\MasterMindView.h">
      <Filter>views</Filter>
    </ClInclude>
    <ClInclude Include="..\..\views\MenuView.h">
      <Filter>views</Filter>
    </ClInclude>
    <ClInclude Include="..\..\views\OutGameView.h">
      <Filter>views</Filter>
    </ClInclude>
    <ClInclude Include="..\..\views\RoundView.h">
      <Filter>views</Filter>
    </ClInclude>
    <ClInclude Include="..\..\views\StartView.h">
      <Filter>views</Filter>
    </ClInclude>
    <ClInclude Include="..\..\views\menu\commands\StartGameCommand.h">
      <Filter>views\menu\commands</Filter>
    </ClInclude>
    <ClInclude Include="..\..\controllers\interfaces\StartController.h">
      <Filter>controllers\interfaces</Filter>
    </ClInclude>
    <ClInclude Include="..\..\models\combinations\SecretCombination.h">
      <Filter>models\combinations</Filter>
    </ClInclude>
    <ClInclude Include="..\..\controllers\interfaces\MenuController.h">
      <Filter>controllers\interfaces</Filter>
    </ClInclude>
    <ClInclude Include="..\..\views\menu\OutGameMenu.h">
      <Filter>views\menu</Filter>
    </ClInclude>
    <ClInclude Include="..\..\views\menu\Menu.h">
      <Filter>views\menu</Filter>
    </ClInclude>
    <ClInclude Include="..\..\controllers\interfaces\InGameController.h">
      <Filter>controllers\interfaces</Filter>
    </ClInclude>
    <ClInclude Include="..\..\models\Round.h">
      <Filter>models</Filter>
    </ClInclude>
    <ClInclude Include="..\..\views\menu\commands\OutGameCommand.h">
      <Filter>views\menu\commands</Filter>
    </ClInclude>
    <ClInclude Include="..\..\controllers\local\LocalLoadGameController.h">
      <Filter>controllers\local</Filter>
    </ClInclude>
    <ClInclude Include="..\..\models\State.h">
      <Filter>models</Filter>
    </ClInclude>
    <ClInclude Include="..\..\controllers\interfaces\ExitController.h">
      <Filter>controllers\interfaces</Filter>
    </ClInclude>
    <ClInclude Include="..\..\controllers\local\LocalExitController.h">
      <Filter>controllers\local</Filter>
    </ClInclude>
    <ClInclude Include="..\..\controllers\local\LocalInGameController.h">
      <Filter>controllers\local</Filter>
    </ClInclude>
    <ClInclude Include="..\..\..\MasterMind\controllers\interfaces\LoadGameController.h">
      <Filter>controllers\interfaces</Filter>
    </ClInclude>
    <ClInclude Include="..\..\views\menu\InGameMenu.h">
      <Filter>views\menu</Filter>
    </ClInclude>
    <ClInclude Include="..\..\views\menu\commands\AddRoundCommand.h">
      <Filter>views\menu\commands</Filter>
    </ClInclude>
    <ClInclude Include="..\..\views\menu\commands\InGameCommand.h">
      <Filter>views\menu\commands</Filter>
    </ClInclude>
    <ClInclude Include="..\..\models\InternalState.h">
      <Filter>models</Filter>
    </ClInclude>
    <ClInclude Include="..\..\utils\Config.h">
      <Filter>utils</Filter>
    </ClInclude>
    <ClInclude Include="..\..\utils\FileIO.h">
      <Filter>utils</Filter>
    </ClInclude>
    <ClInclude Include="..\..\Main.h" />
    <ClInclude Include="..\..\controllers\interfaces\SaveGameController.h">
      <Filter>controllers\interfaces</Filter>
    </ClInclude>
    <ClInclude Include="..\..\controllers\local\LocalSaveGameController.h">
      <Filter>controllers\local</Filter>
    </ClInclude>
    <ClInclude Include="..\..\views\menu\commands\SaveGameCommand.h">
      <Filter>views\menu\commands</Filter>
    </ClInclude>
    <ClInclude Include="..\..\views\SaveGameView.h">
      <Filter>views</Filter>
    </ClInclude>
    <ClInclude Include="..\..\views\menu\commands\LoadGameCommand.h">
      <Filter>views\menu\commands</Filter>
    </ClInclude>
  </ItemGroup>
  <ItemGroup>
    <Filter Include="controllers">
      <UniqueIdentifier>{eb650a5a-0487-40cd-9465-bce6974b2499}</UniqueIdentifier>
    </Filter>
    <Filter Include="controllers\interfaces">
      <UniqueIdentifier>{7ba43f8e-b320-4cd8-b4ee-a2b226ae977d}</UniqueIdentifier>
    </Filter>
    <Filter Include="controllers\local">
      <UniqueIdentifier>{67bb2820-a0ae-4402-b4b0-a47f6eb72a4d}</UniqueIdentifier>
    </Filter>
    <Filter Include="controllers\local\logic">
      <UniqueIdentifier>{4cdcc814-5231-49db-88fd-b871efd28545}</UniqueIdentifier>
    </Filter>
    <Filter Include="views">
      <UniqueIdentifier>{99b69e4d-d033-43ac-93f3-6910d9a1c251}</UniqueIdentifier>
    </Filter>
    <Filter Include="utils">
      <UniqueIdentifier>{cdd84c0c-30da-450a-a0a6-ac95e0f1c273}</UniqueIdentifier>
    </Filter>
    <Filter Include="models">
      <UniqueIdentifier>{99144ba1-e7b6-4985-ae2b-9ee16ba62a0f}</UniqueIdentifier>
    </Filter>
    <Filter Include="models\colors">
      <UniqueIdentifier>{59d2854e-5ff8-4d52-88c6-8eb2cc8987a1}</UniqueIdentifier>
    </Filter>
    <Filter Include="models\combinations">
      <UniqueIdentifier>{a25df281-2f73-4aaa-9412-d62b37108071}</UniqueIdentifier>
    </Filter>
    <Filter Include="views\menu">
      <UniqueIdentifier>{cb55c994-1267-4e08-818d-8f7e90fb56ba}</UniqueIdentifier>
    </Filter>
    <Filter Include="views\menu\commands">
      <UniqueIdentifier>{e7a8a483-35e6-4b10-b9e5-ce918a6c1338}</UniqueIdentifier>
    </Filter>
  </ItemGroup>
</Project>